
Microsoft Visual Studio Solution File, Format Version 12.00
# Visual Studio 14
VisualStudioVersion = 14.0.22129.1
MinimumVisualStudioVersion = 10.0.40219.1
Project("{FAE04EC0-301F-11D3-BF4B-00C04F79EFBC}") = "Font Installer", "Font Installer\Font Installer.csproj", "{32B6DE60-7400-430B-A1A7-A3143C734080}"
EndProject
Global
	GlobalSection(SolutionConfigurationPlatforms) = preSolution
		Debug|Any CPU = Debug|Any CPU
		Release|Any CPU = Release|Any CPU
	EndGlobalSection
	GlobalSection(ProjectConfigurationPlatforms) = postSolution
		{32B6DE60-7400-430B-A1A7-A3143C734080}.Debug|Any CPU.ActiveCfg = Debug|Any CPU
		{32B6DE60-7400-430B-A1A7-A3143C734080}.Debug|Any CPU.Build.0 = Debug|Any CPU
		{32B6DE60-7400-430B-A1A7-A3143C734080}.Release|Any CPU.ActiveCfg = Release|Any CPU
		{32B6DE60-7400-430B-A1A7-A3143C734080}.Release|Any CPU.Build.0 = Release|Any CPU
	EndGlobalSection
	GlobalSection(SolutionProperties) = preSolution
		HideSolutionNode = FALSE
	EndGlobalSection
EndGlobal
